
Microsoft Visual Studio Solution File, Format Version 12.00
# Visual Studio Version 17
VisualStudioVersion = 17.1.32228.430
MinimumVisualStudioVersion = 10.0.40219.1
Project("{FAE04EC0-301F-11D3-BF4B-00C04F79EFBC}") = "Milestone2, CST150.2", "Milestone2, CST150.2\Milestone2, CST150.2.csproj", "{6E139319-9589-4385-8944-6C6E4394D81E}"
EndProject
Global
	GlobalSection(SolutionConfigurationPlatforms) = preSolution
		Debug|Any CPU = Debug|Any CPU
		Release|Any CPU = Release|Any CPU
	EndGlobalSection
	GlobalSection(ProjectConfigurationPlatforms) = postSolution
		{6E139319-9589-4385-8944-6C6E4394D81E}.Debug|Any CPU.ActiveCfg = Debug|Any CPU
		{6E139319-9589-4385-8944-6C6E4394D81E}.Debug|Any CPU.Build.0 = Debug|Any CPU
		{6E139319-9589-4385-8944-6C6E4394D81E}.Release|Any CPU.ActiveCfg = Release|Any CPU
		{6E139319-9589-4385-8944-6C6E4394D81E}.Release|Any CPU.Build.0 = Release|Any CPU
	EndGlobalSection
	GlobalSection(SolutionProperties) = preSolution
		HideSolutionNode = FALSE
	EndGlobalSection
	GlobalSection(ExtensibilityGlobals) = postSolution
		SolutionGuid = {4102AD3D-028C-4FD3-B652-F51230E27797}
	EndGlobalSection
EndGlobal
